<?xml version="1.0" encoding="utf-8"?>
<Project ToolsVersion="4.0" xmlns="http://schemas.microsoft.com/developer/msbuild/2003">
  <ItemGroup>
    <Filter Include="Source Files">
      <UniqueIdentifier>{4FC737F1-C7A5-4376-A066-2A32D752A2FF}</UniqueIdentifier>
      <Extensions>cpp;c;cc;cxx;def;odl;idl;hpj;bat;asm;asmx</Extensions>
    </Filter>
    <Filter Include="Header Files">
      <UniqueIdentifier>{93995380-89BD-4b04-88EB-625FBE52EBFB}</UniqueIdentifier>
      <Extensions>h;hh;hpp;hxx;hm;inl;inc;ipp;xsd</Extensions>
    </Filter>
    <Filter Include="Resource Files">
      <UniqueIdentifier>{67DA6AB6-F800-4c08-8B7A-83BB121AAD01}</UniqueIdentifier>
      <Extensions>rc;ico;cur;bmp;dlg;rc2;rct;bin;rgs;gif;jpg;jpeg;jpe;resx;tiff;tif;png;wav;mfcribbon-ms</Extensions>
    </Filter>
    <Filter Include="Header Files\yara_scanner">
      <UniqueIdentifier>{7fec78fc-9e10-4be4-b3ea-dae7bd0b95b6}</UniqueIdentifier>
    </Filter>
    <Filter Include="Source Files\yara_scanner">
      <UniqueIdentifier>{3ce16aa1-7709-4a6c-ab9f-c10de3496a62}</UniqueIdentifier>
    </Filter>
    <Filter Include="Header Files\http">
      <UniqueIdentifier>{ab337e50-6c09-4397-9ed3-6fba0b573134}</UniqueIdentifier>
    </Filter>
    <Filter Include="Header Files\json">
      <UniqueIdentifier>{c831cf2a-4360-4564-ad21-2f3ee0a42fc9}</UniqueIdentifier>
    </Filter>
    <Filter Include="Header Files\cmd">
      <UniqueIdentifier>{1e61d91f-216e-4550-8702-183276eb20d5}</UniqueIdentifier>
    </Filter>
    <Filter Include="Source Files\http">
      <UniqueIdentifier>{1dc2bfb0-4529-48f9-ac4d-8337c64266b4}</UniqueIdentifier>
    </Filter>
  </ItemGroup>
  <ItemGroup>
    <ClCompile Include="mrida.cpp">
      <Filter>Source Files</Filter>
    </ClCompile>
    <ClCompile Include="yara_scanner.cpp">
      <Filter>Source Files\yara_scanner</Filter>
    </ClCompile>
    <ClCompile Include="threat_info.cpp">
      <Filter>Source Files\yara_scanner</Filter>
    </ClCompile>
    <ClCompile Include="display.cpp">
      <Filter>Source Files</Filter>
    </ClCompile>
    <ClCompile Include="response.cpp">
      <Filter>Source Files\http</Filter>
    </ClCompile>
  </ItemGroup>
  <ItemGroup>
    <ClInclude Include="yara_scanner.h">
      <Filter>Header Files\yara_scanner</Filter>
    </ClInclude>
    <ClInclude Include="threat_info.h">
      <Filter>Header Files\yara_scanner</Filter>
    </ClInclude>
    <ClInclude Include="httplib.h">
      <Filter>Header Files\http</Filter>
    </ClInclude>
    <ClInclude Include="json.h">
      <Filter>Header Files\json</Filter>
    </ClInclude>
    <ClInclude Include="response.h">
      <Filter>Header Files</Filter>
    </ClInclude>
    <ClInclude Include="display.h">
      <Filter>Header Files\cmd</Filter>
    </ClInclude>
  </ItemGroup>
</Project>